
Microsoft Visual Studio Solution File, Format Version 12.00
# Visual Studio Version 16
VisualStudioVersion = 16.0.31205.134
MinimumVisualStudioVersion = 10.0.40219.1
Project("{FAE04EC0-301F-11D3-BF4B-00C04F79EFBC}") = "RelatoriosWeb", "RelatoriosWeb\RelatoriosWeb.csproj", "{B345C99D-34A6-46F3-A0F7-0B52DC6DE138}"
EndProject
Global
	GlobalSection(SolutionConfigurationPlatforms) = preSolution
		Debug|Any CPU = Debug|Any CPU
		Release|Any CPU = Release|Any CPU
	EndGlobalSection
	GlobalSection(ProjectConfigurationPlatforms) = postSolution
		{B345C99D-34A6-46F3-A0F7-0B52DC6DE138}.Debug|Any CPU.ActiveCfg = Debug|Any CPU
		{B345C99D-34A6-46F3-A0F7-0B52DC6DE138}.Debug|Any CPU.Build.0 = Debug|Any CPU
		{B345C99D-34A6-46F3-A0F7-0B52DC6DE138}.Release|Any CPU.ActiveCfg = Release|Any CPU
		{B345C99D-34A6-46F3-A0F7-0B52DC6DE138}.Release|Any CPU.Build.0 = Release|Any CPU
	EndGlobalSection
	GlobalSection(SolutionProperties) = preSolution
		HideSolutionNode = FALSE
	EndGlobalSection
	GlobalSection(ExtensibilityGlobals) = postSolution
		SolutionGuid = {C7E3A26B-A18E-498A-9FE3-88530F9EABA3}
	EndGlobalSection
EndGlobal
